{
  "nodes": {
    "nixpkgs": {
      "locked": {
        "lastModified": 1786599213,
        "narHash": "sha256-yNJd40f11EzXBjSByCB7IPpeFFAdeoSKKM67dGkfFoU=",
        "owner": "NixOS",
        "repo": "nixpkgs",
        "rev": "0e251e24a4f24e036a084b6b4b2d2491af4167f4",
        "type": "github"
      },
      "original": {
        "owner": "NixOS",
        "ref": "nixos-unstable",
        "repo": "nixpkgs",
        "type": "github"
      }
    },
    "root": {
      "inputs": {
        "nixpkgs": "nixpkgs",
        "upstream-t3code": "upstream-t3code"
      }
    },
    "upstream-t3code": {
      "flake": false,
      "locked": {
        "lastModified": 1791184396,
        "narHash": "sha256-TLIAlMosaFB9UdGFyibfKMD9mzOdYv04+nNDBaqV1JY=",
        "owner": "pingdotgg",
        "repo": "t3code",
        "rev": "cf3e714b0f58e29c8fa8660db50d2187e3263b65",
        "type": "github"
      },
      "original": {
        "owner": "pingdotgg",
        "repo": "t3code",
        "rev": "cf3e714b0f58e29c8fa8660db50d2187e3263b65",
        "type": "github"
      }
    }
  },
  "root": "root",
  "version": 7
}
