{
  "nodes": {
    "nixpkgs": {
      "locked": {
        "lastModified": 1786599213,
        "narHash": "sha256-yNJd40f11EzXBjSByCB7IPpeFFAdeoSKKM67dGkfFoU=",
        "owner": "NixOS",
        "repo": "nixpkgs",
        "rev": "0e251e24a4f24e036a084b6b4b2d2491af4167f4",
        "type": "github"
      },
      "original": {
        "owner": "NixOS",
        "ref": "nixos-unstable",
        "repo": "nixpkgs",
        "type": "github"
      }
    },
    "root": {
      "inputs": {
        "nixpkgs": "nixpkgs",
        "upstream-t3code": "upstream-t3code"
      }
    },
    "upstream-t3code": {
      "flake": false,
      "locked": {
        "lastModified": 1791061608,
        "narHash": "sha256-THWeDfcGbSxj4pVsNQWGOzxT2l4+sPYOxsyfaNVE0tA=",
        "owner": "pingdotgg",
        "repo": "t3code",
        "rev": "5e35272fda7cc94d9c140377bc8db70580295133",
        "type": "github"
      },
      "original": {
        "owner": "pingdotgg",
        "repo": "t3code",
        "rev": "5e35272fda7cc94d9c140377bc8db70580295133",
        "type": "github"
      }
    }
  },
  "root": "root",
  "version": 7
}
